
Microsoft Visual Studio Solution File, Format Version 12.00
# Visual Studio Version 16
VisualStudioVersion = 16.0.30128.74
MinimumVisualStudioVersion = 10.0.40219.1
Project("{8BC9CEB8-8B4A-11D0-8D11-00A0C91BC942}") = "SMU-Features", "SMU-Features\SMU-Features.vcxproj", "{40F4FF1F-F468-4137-852E-7B95187A2B92}"
EndProject
Global
	GlobalSection(SolutionConfigurationPlatforms) = preSolution
		Debug|x64 = Debug|x64
		Debug|x86 = Debug|x86
		Release|x64 = Release|x64
		Release|x86 = Release|x86
	EndGlobalSection
	GlobalSection(ProjectConfigurationPlatforms) = postSolution
		{40F4FF1F-F468-4137-852E-7B95187A2B92}.Debug|x64.ActiveCfg = Debug|x64
		{40F4FF1F-F468-4137-852E-7B95187A2B92}.Debug|x64.Build.0 = Debug|x64
		{40F4FF1F-F468-4137-852E-7B95187A2B92}.Debug|x86.ActiveCfg = Debug|Win32
		{40F4FF1F-F468-4137-852E-7B95187A2B92}.Debug|x86.Build.0 = Debug|Win32
		{40F4FF1F-F468-4137-852E-7B95187A2B92}.Release|x64.ActiveCfg = Release|x64
		{40F4FF1F-F468-4137-852E-7B95187A2B92}.Release|x64.Build.0 = Release|x64
		{40F4FF1F-F468-4137-852E-7B95187A2B92}.Release|x86.ActiveCfg = Release|Win32
		{40F4FF1F-F468-4137-852E-7B95187A2B92}.Release|x86.Build.0 = Release|Win32
	EndGlobalSection
	GlobalSection(SolutionProperties) = preSolution
		HideSolutionNode = FALSE
	EndGlobalSection
	GlobalSection(ExtensibilityGlobals) = postSolution
		SolutionGuid = {BDDCCF0A-DC1F-4473-A13D-D66A930DE0D6}
	EndGlobalSection
EndGlobal
